
Microsoft Visual Studio Solution File, Format Version 12.00
# Visual Studio Version 17
VisualStudioVersion = 17.0.31903.59
MinimumVisualStudioVersion = 10.0.40219.1
Project("{FAE04EC0-301F-11D3-BF4B-00C04F79EFBC}") = "BilletReducBackend.Contracts", "BilletReducBackend.Contracts\BilletReducBackend.Contracts.csproj", "{CAA83DEF-3B67-4BE6-8B62-D56725BCCBB9}"
EndProject
Project("{FAE04EC0-301F-11D3-BF4B-00C04F79EFBC}") = "BilletReducBackend", "BilletReducBackend\BilletReducBackend.csproj", "{B68690DC-7CF2-4BDD-A6A5-6AF0BF65D200}"
EndProject
Global
	GlobalSection(SolutionConfigurationPlatforms) = preSolution
		Debug|Any CPU = Debug|Any CPU
		Release|Any CPU = Release|Any CPU
	EndGlobalSection
	GlobalSection(SolutionProperties) = preSolution
		HideSolutionNode = FALSE
	EndGlobalSection
	GlobalSection(ProjectConfigurationPlatforms) = postSolution
		{CAA83DEF-3B67-4BE6-8B62-D56725BCCBB9}.Debug|Any CPU.ActiveCfg = Debug|Any CPU
		{CAA83DEF-3B67-4BE6-8B62-D56725BCCBB9}.Debug|Any CPU.Build.0 = Debug|Any CPU
		{CAA83DEF-3B67-4BE6-8B62-D56725BCCBB9}.Release|Any CPU.ActiveCfg = Release|Any CPU
		{CAA83DEF-3B67-4BE6-8B62-D56725BCCBB9}.Release|Any CPU.Build.0 = Release|Any CPU
		{B68690DC-7CF2-4BDD-A6A5-6AF0BF65D200}.Debug|Any CPU.ActiveCfg = Debug|Any CPU
		{B68690DC-7CF2-4BDD-A6A5-6AF0BF65D200}.Debug|Any CPU.Build.0 = Debug|Any CPU
		{B68690DC-7CF2-4BDD-A6A5-6AF0BF65D200}.Release|Any CPU.ActiveCfg = Release|Any CPU
		{B68690DC-7CF2-4BDD-A6A5-6AF0BF65D200}.Release|Any CPU.Build.0 = Release|Any CPU
	EndGlobalSection
EndGlobal
